
Microsoft Visual Studio Solution File, Format Version 12.00
# Visual Studio 14
VisualStudioVersion = 14.0.25420.1
MinimumVisualStudioVersion = 10.0.40219.1
Project("{FAE04EC0-301F-11D3-BF4B-00C04F79EFBC}") = "CopyLog", "CopyLog\CopyLog.csproj", "{1939C982-2A7A-4733-9E16-69F19FDB9955}"
EndProject
Project("{FAE04EC0-301F-11D3-BF4B-00C04F79EFBC}") = "RandomLog", "RandomLog\RandomLog.csproj", "{31F5C72D-0ACD-4C25-8D2C-CC0E9EA14331}"
EndProject
Project("{FAE04EC0-301F-11D3-BF4B-00C04F79EFBC}") = "Tail", "Tail\Tail.csproj", "{99065D86-3066-4A9E-A5DB-9FD27A29718E}"
EndProject
Global
	GlobalSection(SolutionConfigurationPlatforms) = preSolution
		Debug|Any CPU = Debug|Any CPU
		Release|Any CPU = Release|Any CPU
	EndGlobalSection
	GlobalSection(ProjectConfigurationPlatforms) = postSolution
		{1939C982-2A7A-4733-9E16-69F19FDB9955}.Debug|Any CPU.ActiveCfg = Debug|Any CPU
		{1939C982-2A7A-4733-9E16-69F19FDB9955}.Debug|Any CPU.Build.0 = Debug|Any CPU
		{1939C982-2A7A-4733-9E16-69F19FDB9955}.Release|Any CPU.ActiveCfg = Release|Any CPU
		{1939C982-2A7A-4733-9E16-69F19FDB9955}.Release|Any CPU.Build.0 = Release|Any CPU
		{31F5C72D-0ACD-4C25-8D2C-CC0E9EA14331}.Debug|Any CPU.ActiveCfg = Debug|Any CPU
		{31F5C72D-0ACD-4C25-8D2C-CC0E9EA14331}.Debug|Any CPU.Build.0 = Debug|Any CPU
		{31F5C72D-0ACD-4C25-8D2C-CC0E9EA14331}.Release|Any CPU.ActiveCfg = Release|Any CPU
		{31F5C72D-0ACD-4C25-8D2C-CC0E9EA14331}.Release|Any CPU.Build.0 = Release|Any CPU
		{99065D86-3066-4A9E-A5DB-9FD27A29718E}.Debug|Any CPU.ActiveCfg = Debug|Any CPU
		{99065D86-3066-4A9E-A5DB-9FD27A29718E}.Debug|Any CPU.Build.0 = Debug|Any CPU
		{99065D86-3066-4A9E-A5DB-9FD27A29718E}.Release|Any CPU.ActiveCfg = Release|Any CPU
		{99065D86-3066-4A9E-A5DB-9FD27A29718E}.Release|Any CPU.Build.0 = Release|Any CPU
	EndGlobalSection
	GlobalSection(SolutionProperties) = preSolution
		HideSolutionNode = FALSE
	EndGlobalSection
EndGlobal
